
Microsoft Visual Studio Solution File, Format Version 12.00
# Visual Studio 2013
VisualStudioVersion = 12.0.30723.0
MinimumVisualStudioVersion = 10.0.40219.1
Project("{FAE04EC0-301F-11D3-BF4B-00C04F79EFBC}") = "COMP123-Assignment04-Rolling-Dice", "COMP123-Assignment04\COMP123-Assignment04-Rolling-Dice.csproj", "{3329E99E-759E-4058-9681-DD7BD03AC129}"
EndProject
Project("{FAE04EC0-301F-11D3-BF4B-00C04F79EFBC}") = "COMP123-Assignment04-Airline-Reservations-System", "COMP123-Assignment04-Airline-Reservations-System\COMP123-Assignment04-Airline-Reservations-System.csproj", "{91EBC45F-ED71-469F-8782-7AB975E80695}"
EndProject
Global
	GlobalSection(SolutionConfigurationPlatforms) = preSolution
		Debug|Any CPU = Debug|Any CPU
		Release|Any CPU = Release|Any CPU
	EndGlobalSection
	GlobalSection(ProjectConfigurationPlatforms) = postSolution
		{3329E99E-759E-4058-9681-DD7BD03AC129}.Debug|Any CPU.ActiveCfg = Debug|Any CPU
		{3329E99E-759E-4058-9681-DD7BD03AC129}.Debug|Any CPU.Build.0 = Debug|Any CPU
		{3329E99E-759E-4058-9681-DD7BD03AC129}.Release|Any CPU.ActiveCfg = Release|Any CPU
		{3329E99E-759E-4058-9681-DD7BD03AC129}.Release|Any CPU.Build.0 = Release|Any CPU
		{91EBC45F-ED71-469F-8782-7AB975E80695}.Debug|Any CPU.ActiveCfg = Debug|Any CPU
		{91EBC45F-ED71-469F-8782-7AB975E80695}.Debug|Any CPU.Build.0 = Debug|Any CPU
		{91EBC45F-ED71-469F-8782-7AB975E80695}.Release|Any CPU.ActiveCfg = Release|Any CPU
		{91EBC45F-ED71-469F-8782-7AB975E80695}.Release|Any CPU.Build.0 = Release|Any CPU
	EndGlobalSection
	GlobalSection(SolutionProperties) = preSolution
		HideSolutionNode = FALSE
	EndGlobalSection
EndGlobal
